
Microsoft Visual Studio Solution File, Format Version 12.00
# Visual Studio Version 17
VisualStudioVersion = 17.9.34310.174
MinimumVisualStudioVersion = 10.0.40219.1
Project("{FAE04EC0-301F-11D3-BF4B-00C04F79EFBC}") = "blazor-frontend", "blazor-frontend.csproj", "{FC0C6860-3599-441D-BC42-4FFBB33D0FB3}"
EndProject
Project("{2150E333-8FDC-42A3-9474-1A3956D46DE8}") = "Solution Items", "Solution Items", "{F4E57FCD-9865-4DEC-BFE4-E58B2C9A114C}"
	ProjectSection(SolutionItems) = preProject
		Dockerfile = Dockerfile
	EndProjectSection
EndProject
Global
	GlobalSection(SolutionConfigurationPlatforms) = preSolution
		Debug|Any CPU = Debug|Any CPU
		Release|Any CPU = Release|Any CPU
	EndGlobalSection
	GlobalSection(ProjectConfigurationPlatforms) = postSolution
		{FC0C6860-3599-441D-BC42-4FFBB33D0FB3}.Debug|Any CPU.ActiveCfg = Debug|Any CPU
		{FC0C6860-3599-441D-BC42-4FFBB33D0FB3}.Debug|Any CPU.Build.0 = Debug|Any CPU
		{FC0C6860-3599-441D-BC42-4FFBB33D0FB3}.Release|Any CPU.ActiveCfg = Release|Any CPU
		{FC0C6860-3599-441D-BC42-4FFBB33D0FB3}.Release|Any CPU.Build.0 = Release|Any CPU
	EndGlobalSection
	GlobalSection(SolutionProperties) = preSolution
		HideSolutionNode = FALSE
	EndGlobalSection
	GlobalSection(ExtensibilityGlobals) = postSolution
		SolutionGuid = {64A03233-13C2-4407-BF94-72520C4E0C3E}
	EndGlobalSection
EndGlobal
