
Microsoft Visual Studio Solution File, Format Version 12.00
# Visual Studio Version 17
VisualStudioVersion = 17.9.34310.174
MinimumVisualStudioVersion = 10.0.40219.1
Project("{FAE04EC0-301F-11D3-BF4B-00C04F79EFBC}") = "function-weather-trigger", "function-weather-trigger.csproj", "{0010CA84-8A75-4403-A79A-538177C0073B}"
EndProject
Global
	GlobalSection(SolutionConfigurationPlatforms) = preSolution
		Debug|Any CPU = Debug|Any CPU
		Release|Any CPU = Release|Any CPU
	EndGlobalSection
	GlobalSection(ProjectConfigurationPlatforms) = postSolution
		{0010CA84-8A75-4403-A79A-538177C0073B}.Debug|Any CPU.ActiveCfg = Debug|Any CPU
		{0010CA84-8A75-4403-A79A-538177C0073B}.Debug|Any CPU.Build.0 = Debug|Any CPU
		{0010CA84-8A75-4403-A79A-538177C0073B}.Release|Any CPU.ActiveCfg = Release|Any CPU
		{0010CA84-8A75-4403-A79A-538177C0073B}.Release|Any CPU.Build.0 = Release|Any CPU
	EndGlobalSection
	GlobalSection(SolutionProperties) = preSolution
		HideSolutionNode = FALSE
	EndGlobalSection
	GlobalSection(ExtensibilityGlobals) = postSolution
		SolutionGuid = {5B11D7B5-484A-4669-9FAD-39F60AC1FCF2}
	EndGlobalSection
EndGlobal
